
Microsoft Visual Studio Solution File, Format Version 12.00
# Visual Studio Version 17
VisualStudioVersion = 17.7.34202.233
MinimumVisualStudioVersion = 10.0.40219.1
Project("{FAE04EC0-301F-11D3-BF4B-00C04F79EFBC}") = "ScanGUI", "ScanGUI\ScanGUI.csproj", "{55FAC080-0468-4F0C-A217-B77A115A6E38}"
EndProject
Global
	GlobalSection(SolutionConfigurationPlatforms) = preSolution
		Debug|Any CPU = Debug|Any CPU
		Release|Any CPU = Release|Any CPU
	EndGlobalSection
	GlobalSection(ProjectConfigurationPlatforms) = postSolution
		{55FAC080-0468-4F0C-A217-B77A115A6E38}.Debug|Any CPU.ActiveCfg = Debug|Any CPU
		{55FAC080-0468-4F0C-A217-B77A115A6E38}.Debug|Any CPU.Build.0 = Debug|Any CPU
		{55FAC080-0468-4F0C-A217-B77A115A6E38}.Release|Any CPU.ActiveCfg = Release|Any CPU
		{55FAC080-0468-4F0C-A217-B77A115A6E38}.Release|Any CPU.Build.0 = Release|Any CPU
	EndGlobalSection
	GlobalSection(SolutionProperties) = preSolution
		HideSolutionNode = FALSE
	EndGlobalSection
	GlobalSection(ExtensibilityGlobals) = postSolution
		SolutionGuid = {5817B407-AF98-44BF-87B8-4496C4A03F27}
	EndGlobalSection
EndGlobal
